Microsoft Visual Studio Solution File, Format Version 12.00
Project("{FAE04EC0-301F-11D3-BF4B-00C04F79EFBC}") = "MicroApi", "MicroApi\MicroApi.csproj", "{2962680E-462C-4614-B124-5B69AD8B6A83}"
EndProject
Project("{FAE04EC0-301F-11D3-BF4B-00C04F79EFBC}") = "MicroApi.Tests", "MicroApi.Tests\MicroApi.Tests.csproj", "{CBC0CE6B-219F-4F94-937C-4EB47226C037}"
EndProject
Global
	GlobalSection(SolutionConfigurationPlatforms) = preSolution
		Debug|Any CPU = Debug|Any CPU
		Release|Any CPU = Release|Any CPU
	EndGlobalSection
	GlobalSection(ProjectConfigurationPlatforms) = postSolution
		{2962680E-462C-4614-B124-5B69AD8B6A83}.Debug|Any CPU.ActiveCfg = Debug|Any CPU
		{2962680E-462C-4614-B124-5B69AD8B6A83}.Debug|Any CPU.Build.0 = Debug|Any CPU
		{2962680E-462C-4614-B124-5B69AD8B6A83}.Release|Any CPU.ActiveCfg = Release|Any CPU
		{2962680E-462C-4614-B124-5B69AD8B6A83}.Release|Any CPU.Build.0 = Release|Any CPU
		{CBC0CE6B-219F-4F94-937C-4EB47226C037}.Debug|Any CPU.ActiveCfg = Debug|Any CPU
		{CBC0CE6B-219F-4F94-937C-4EB47226C037}.Debug|Any CPU.Build.0 = Debug|Any CPU
		{CBC0CE6B-219F-4F94-937C-4EB47226C037}.Release|Any CPU.ActiveCfg = Release|Any CPU
		{CBC0CE6B-219F-4F94-937C-4EB47226C037}.Release|Any CPU.Build.0 = Release|Any CPU
	EndGlobalSection
EndGlobal
